
Microsoft Visual Studio Solution File, Format Version 12.00
# Visual Studio 15
VisualStudioVersion = 15.0.26430.16
MinimumVisualStudioVersion = 10.0.40219.1
Project("{FAE04EC0-301F-11D3-BF4B-00C04F79EFBC}") = "AppNeuron", "AppNeuron\AppNeuron.csproj", "{C047F7C2-ED5B-4370-8D34-0E909E6AFCB0}"
EndProject
Global
	GlobalSection(SolutionConfigurationPlatforms) = preSolution
		Debug|Any CPU = Debug|Any CPU
		Release|Any CPU = Release|Any CPU
	EndGlobalSection
	GlobalSection(ProjectConfigurationPlatforms) = postSolution
		{C047F7C2-ED5B-4370-8D34-0E909E6AFCB0}.Debug|Any CPU.ActiveCfg = Debug|Any CPU
		{C047F7C2-ED5B-4370-8D34-0E909E6AFCB0}.Debug|Any CPU.Build.0 = Debug|Any CPU
		{C047F7C2-ED5B-4370-8D34-0E909E6AFCB0}.Release|Any CPU.ActiveCfg = Release|Any CPU
		{C047F7C2-ED5B-4370-8D34-0E909E6AFCB0}.Release|Any CPU.Build.0 = Release|Any CPU
	EndGlobalSection
	GlobalSection(SolutionProperties) = preSolution
		HideSolutionNode = FALSE
	EndGlobalSection
	GlobalSection(ExtensibilityGlobals) = postSolution
		SolutionGuid = {D609AE59-D7EE-49C8-B798-5101ED5D4C1B}
	EndGlobalSection
	GlobalSection(ExtensibilityGlobals) = postSolution
		SolutionGuid = {D609AE59-D7EE-49C8-B798-5101ED5D4C1B}
	EndGlobalSection
	GlobalSection(ExtensibilityGlobals) = postSolution
		SolutionGuid = {D609AE59-D7EE-49C8-B798-5101ED5D4C1B}
	EndGlobalSection
	GlobalSection(ExtensibilityGlobals) = postSolution
		SolutionGuid = {D609AE59-D7EE-49C8-B798-5101ED5D4C1B}
	EndGlobalSection
	GlobalSection(ExtensibilityGlobals) = postSolution
		SolutionGuid = {D609AE59-D7EE-49C8-B798-5101ED5D4C1B}
	EndGlobalSection
	GlobalSection(ExtensibilityGlobals) = postSolution
		SolutionGuid = {D609AE59-D7EE-49C8-B798-5101ED5D4C1B}
	EndGlobalSection
	GlobalSection(ExtensibilityGlobals) = postSolution
		SolutionGuid = {D609AE59-D7EE-49C8-B798-5101ED5D4C1B}
	EndGlobalSection
	GlobalSection(ExtensibilityGlobals) = postSolution
		SolutionGuid = {D609AE59-D7EE-49C8-B798-5101ED5D4C1B}
	EndGlobalSection
	GlobalSection(ExtensibilityGlobals) = postSolution
		SolutionGuid = {D609AE59-D7EE-49C8-B798-5101ED5D4C1B}
	EndGlobalSection
	GlobalSection(ExtensibilityGlobals) = postSolution
		SolutionGuid = {D609AE59-D7EE-49C8-B798-5101ED5D4C1B}
	EndGlobalSection
	GlobalSection(ExtensibilityGlobals) = postSolution
		SolutionGuid = {D609AE59-D7EE-49C8-B798-5101ED5D4C1B}
	EndGlobalSection
	GlobalSection(ExtensibilityGlobals) = postSolution
		SolutionGuid = {D609AE59-D7EE-49C8-B798-5101ED5D4C1B}
	EndGlobalSection
	GlobalSection(ExtensibilityGlobals) = postSolution
		SolutionGuid = {D609AE59-D7EE-49C8-B798-5101ED5D4C1B}
	EndGlobalSection
	GlobalSection(ExtensibilityGlobals) = postSolution
		SolutionGuid = {D609AE59-D7EE-49C8-B798-5101ED5D4C1B}
	EndGlobalSection
	GlobalSection(ExtensibilityGlobals) = postSolution
		SolutionGuid = {D609AE59-D7EE-49C8-B798-5101ED5D4C1B}
	EndGlobalSection
	GlobalSection(ExtensibilityGlobals) = postSolution
		SolutionGuid = {D609AE59-D7EE-49C8-B798-5101ED5D4C1B}
	EndGlobalSection
	GlobalSection(ExtensibilityGlobals) = postSolution
		SolutionGuid = {D609AE59-D7EE-49C8-B798-5101ED5D4C1B}
	EndGlobalSection
	GlobalSection(ExtensibilityGlobals) = postSolution
		SolutionGuid = {D609AE59-D7EE-49C8-B798-5101ED5D4C1B}
	EndGlobalSection
	GlobalSection(ExtensibilityGlobals) = postSolution
		SolutionGuid = {D609AE59-D7EE-49C8-B798-5101ED5D4C1B}
	EndGlobalSection
	GlobalSection(ExtensibilityGlobals) = postSolution
		SolutionGuid = {D609AE59-D7EE-49C8-B798-5101ED5D4C1B}
	EndGlobalSection
	GlobalSection(ExtensibilityGlobals) = postSolution
		SolutionGuid = {D609AE59-D7EE-49C8-B798-5101ED5D4C1B}
	EndGlobalSection
	GlobalSection(ExtensibilityGlobals) = postSolution
		SolutionGuid = {D609AE59-D7EE-49C8-B798-5101ED5D4C1B}
	EndGlobalSection
	GlobalSection(ExtensibilityGlobals) = postSolution
		SolutionGuid = {D609AE59-D7EE-49C8-B798-5101ED5D4C1B}
	EndGlobalSection
	GlobalSection(ExtensibilityGlobals) = postSolution
		SolutionGuid = {D609AE59-D7EE-49C8-B798-5101ED5D4C1B}
	EndGlobalSection
	GlobalSection(ExtensibilityGlobals) = postSolution
		SolutionGuid = {D609AE59-D7EE-49C8-B798-5101ED5D4C1B}
	EndGlobalSection
EndGlobal
